// !$*UTF8*$!
{
	archiveVersion = 1;
	classes = {
	};
	objectVersion = 50;
	objects = {

/* Begin PBXBuildFile section */
		8C3F210B24278DB2005EF484 /* AppDelegate.swift in Sources */ = {isa = PBXBuildFile; fileRef = 8C3F210A24278DB2005EF484 /* AppDelegate.swift */; };
		8C3F210D24278DB2005EF484 /* SceneDelegate.swift in Sources */ = {isa = PBXBuildFile; fileRef = 8C3F210C24278DB2005EF484 /* SceneDelegate.swift */; };
		8C3F211224278DB2005EF484 /* Main.storyboard in Resources */ = {isa = PBXBuildFile; fileRef = 8C3F211024278DB2005EF484 /* Main.storyboard */; };
		8C3F211424278DB6005EF484 /* Assets.xcassets in Resources */ = {isa = PBXBuildFile; fileRef = 8C3F211324278DB6005EF484 /* Assets.xcassets */; };
		8C3F211724278DB6005EF484 /* LaunchScreen.storyboard in Resources */ = {isa = PBXBuildFile; fileRef = 8C3F211524278DB6005EF484 /* LaunchScreen.storyboard */; };
		8C3F212024279799005EF484 /* RegisterViewController.swift in Sources */ = {isa = PBXBuildFile; fileRef = 8C3F211F24279799005EF484 /* RegisterViewController.swift */; };
		8C3F212224279E28005EF484 /* InputTravelerIdViewController.swift in Sources */ = {isa = PBXBuildFile; fileRef = 8C3F212124279E28005EF484 /* InputTravelerIdViewController.swift */; };
		8C3F21242427A34E005EF484 /* TravelStyleViewController.swift in Sources */ = {isa = PBXBuildFile; fileRef = 8C3F21232427A34E005EF484 /* TravelStyleViewController.swift */; };
		8C3F21262427A3A6005EF484 /* SelectPublishingViewController.swift in Sources */ = {isa = PBXBuildFile; fileRef = 8C3F21252427A3A6005EF484 /* SelectPublishingViewController.swift */; };
		8C3F21282427A3CD005EF484 /* SelectTravelScheduleViewController.swift in Sources */ = {isa = PBXBuildFile; fileRef = 8C3F21272427A3CD005EF484 /* SelectTravelScheduleViewController.swift */; };
/* End PBXBuildFile section */

/* Begin PBXFileReference section */
		8C3F210724278DB2005EF484 /* swift-register-sample.app */ = {isa = PBXFileReference; explicitFileType = wrapper.application; includeInIndex = 0; path = "swift-register-sample.app"; sourceTree = BUILT_PRODUCTS_DIR; };
		8C3F210A24278DB2005EF484 /* AppDelegate.swift */ = {isa = PBXFileReference; lastKnownFileType = sourcecode.swift; path = AppDelegate.swift; sourceTree = "<group>"; };
		8C3F210C24278DB2005EF484 /* SceneDelegate.swift */ = {isa = PBXFileReference; lastKnownFileType = sourcecode.swift; path = SceneDelegate.swift; sourceTree = "<group>"; };
		8C3F211124278DB2005EF484 /* Base */ = {isa = PBXFileReference; lastKnownFileType = file.storyboard; name = Base; path = Base.lproj/Main.storyboard; sourceTree = "<group>"; };
		8C3F211324278DB6005EF484 /* Assets.xcassets */ = {isa = PBXFileReference; lastKnownFileType = folder.assetcatalog; path = Assets.xcassets; sourceTree = "<group>"; };
		8C3F211624278DB6005EF484 /* Base */ = {isa = PBXFileReference; lastKnownFileType = file.storyboard; name = Base; path = Base.lproj/LaunchScreen.storyboard; sourceTree = "<group>"; };
		8C3F211824278DB6005EF484 /* Info.plist */ = {isa = PBXFileReference; lastKnownFileType = text.plist.xml; path = Info.plist; sourceTree = "<group>"; };
		8C3F211F24279799005EF484 /* RegisterViewController.swift */ = {isa = PBXFileReference; lastKnownFileType = sourcecode.swift; path = RegisterViewController.swift; sourceTree = "<group>"; };
		8C3F212124279E28005EF484 /* InputTravelerIdViewController.swift */ = {isa = PBXFileReference; lastKnownFileType = sourcecode.swift; path = InputTravelerIdViewController.swift; sourceTree = "<group>"; };
		8C3F21232427A34E005EF484 /* TravelStyleViewController.swift */ = {isa = PBXFileReference; lastKnownFileType = sourcecode.swift; path = TravelStyleViewController.swift; sourceTree = "<group>"; };
		8C3F21252427A3A6005EF484 /* SelectPublishingViewController.swift */ = {isa = PBXFileReference; lastKnownFileType = sourcecode.swift; path = SelectPublishingViewController.swift; sourceTree = "<group>"; };
		8C3F21272427A3CD005EF484 /* SelectTravelScheduleViewController.swift */ = {isa = PBXFileReference; lastKnownFileType = sourcecode.swift; path = SelectTravelScheduleViewController.swift; sourceTree = "<group>"; };
/* End PBXFileReference section */

/* Begin PBXFrameworksBuildPhase section */
		8C3F210424278DB2005EF484 /* Frameworks */ = {
			isa = PBXFrameworksBuildPhase;
			buildActionMask = 2147483647;
			files = (
			);
			runOnlyForDeploymentPostprocessing = 0;
		};
/* End PBXFrameworksBuildPhase section */

/* Begin PBXGroup section */
		8C3F20FE24278DB2005EF484 = {
			isa = PBXGroup;
			children = (
				8C3F210924278DB2005EF484 /* swift-register-sample */,
				8C3F210824278DB2005EF484 /* Products */,
			);
			sourceTree = "<group>";
		};
		8C3F210824278DB2005EF484 /* Products */ = {
			isa = PBXGroup;
			children = (
				8C3F210724278DB2005EF484 /* swift-register-sample.app */,
			);
			name = Products;
			sourceTree = "<group>";
		};
		8C3F210924278DB2005EF484 /* swift-register-sample */ = {
			isa = PBXGroup;
			children = (
				8C3F211E2427975D005EF484 /* view */,
				8C3F210A24278DB2005EF484 /* AppDelegate.swift */,
				8C3F210C24278DB2005EF484 /* SceneDelegate.swift */,
				8C3F211024278DB2005EF484 /* Main.storyboard */,
				8C3F211324278DB6005EF484 /* Assets.xcassets */,
				8C3F211524278DB6005EF484 /* LaunchScreen.storyboard */,
				8C3F211824278DB6005EF484 /* Info.plist */,
			);
			path = "swift-register-sample";
			sourceTree = "<group>";
		};
		8C3F211E2427975D005EF484 /* view */ = {
			isa = PBXGroup;
			children = (
				8C3F211F24279799005EF484 /* RegisterViewController.swift */,
				8C3F212124279E28005EF484 /* InputTravelerIdViewController.swift */,
				8C3F21232427A34E005EF484 /* TravelStyleViewController.swift */,
				8C3F21252427A3A6005EF484 /* SelectPublishingViewController.swift */,
				8C3F21272427A3CD005EF484 /* SelectTravelScheduleViewController.swift */,
			);
			path = view;
			sourceTree = "<group>";
		};
/* End PBXGroup section */

/* Begin PBXNativeTarget section */
		8C3F210624278DB2005EF484 /* swift-register-sample */ = {
			isa = PBXNativeTarget;
			buildConfigurationList = 8C3F211B24278DB6005EF484 /* Build configuration list for PBXNativeTarget "swift-register-sample" */;
			buildPhases = (
				8C3F210324278DB2005EF484 /* Sources */,
				8C3F210424278DB2005EF484 /* Frameworks */,
				8C3F210524278DB2005EF484 /* Resources */,
			);
			buildRules = (
			);
			dependencies = (
			);
			name = "swift-register-sample";
			productName = "swift-register-sample";
			productReference = 8C3F210724278DB2005EF484 /* swift-register-sample.app */;
			productType = "com.apple.product-type.application";
		};
/* End PBXNativeTarget section */

/* Begin PBXProject section */
		8C3F20FF24278DB2005EF484 /* Project object */ = {
			isa = PBXProject;
			attributes = {
				LastSwiftUpdateCheck = 1130;
				LastUpgradeCheck = 1130;
				ORGANIZATIONNAME = trajan;
				TargetAttributes = {
					8C3F210624278DB2005EF484 = {
						CreatedOnToolsVersion = 11.3.1;
					};
				};
			};
			buildConfigurationList = 8C3F210224278DB2005EF484 /* Build configuration list for PBXProject "swift-register-sample" */;
			compatibilityVersion = "Xcode 9.3";
			developmentRegion = en;
			hasScannedForEncodings = 0;
			knownRegions = (
				en,
				Base,
			);
			mainGroup = 8C3F20FE24278DB2005EF484;
			productRefGroup = 8C3F210824278DB2005EF484 /* Products */;
			projectDirPath = "";
			projectRoot = "";
			targets = (
				8C3F210624278DB2005EF484 /* swift-register-sample */,
			);
		};
/* End PBXProject section */

/* Begin PBXResourcesBuildPhase section */
		8C3F210524278DB2005EF484 /* Resources */ = {
			isa = PBXResourcesBuildPhase;
			buildActionMask = 2147483647;
			files = (
				8C3F211724278DB6005EF484 /* LaunchScreen.storyboard in Resources */,
				8C3F211424278DB6005EF484 /* Assets.xcassets in Resources */,
				8C3F211224278DB2005EF484 /* Main.storyboard in Resources */,
			);
			runOnlyForDeploymentPostprocessing = 0;
		};
/* End PBXResourcesBuildPhase section */

/* Begin PBXSourcesBuildPhase section */
		8C3F210324278DB2005EF484 /* Sources */ = {
			isa = PBXSourcesBuildPhase;
			buildActionMask = 2147483647;
			files = (
				8C3F21282427A3CD005EF484 /* SelectTravelScheduleViewController.swift in Sources */,
				8C3F21242427A34E005EF484 /* TravelStyleViewController.swift in Sources */,
				8C3F21262427A3A6005EF484 /* SelectPublishingViewController.swift in Sources */,
				8C3F210B24278DB2005EF484 /* AppDelegate.swift in Sources */,
				8C3F210D24278DB2005EF484 /* SceneDelegate.swift in Sources */,
				8C3F212024279799005EF484 /* RegisterViewController.swift in Sources */,
				8C3F212224279E28005EF484 /* InputTravelerIdViewController.swift in Sources */,
			);
			runOnlyForDeploymentPostprocessing = 0;
		};
/* End PBXSourcesBuildPhase section */

/* Begin PBXVariantGroup section */
		8C3F211024278DB2005EF484 /* Main.storyboard */ = {
			isa = PBXVariantGroup;
			children = (
				8C3F211124278DB2005EF484 /* Base */,
			);
			name = Main.storyboard;
			sourceTree = "<group>";
		};
		8C3F211524278DB6005EF484 /* LaunchScreen.storyboard */ = {
			isa = PBXVariantGroup;
			children = (
				8C3F211624278DB6005EF484 /* Base */,
			);
			name = LaunchScreen.storyboard;
			sourceTree = "<group>";
		};
/* End PBXVariantGroup section */

/* Begin XCBuildConfiguration section */
		8C3F211924278DB6005EF484 /* Debug */ = {
			isa = XCBuildConfiguration;
			buildSettings = {
				ALWAYS_SEARCH_USER_PATHS = NO;
				CLANG_ANALYZER_NONNULL = YES;
				CLANG_ANALYZER_NUMBER_OBJECT_CONVERSION = YES_AGGRESSIVE;
				CLANG_CXX_LANGUAGE_STANDARD = "gnu++14";
				CLANG_CXX_LIBRARY = "libc++";
				CLANG_ENABLE_MODULES = YES;
				CLANG_ENABLE_OBJC_ARC = YES;
				CLANG_ENABLE_OBJC_WEAK = YES;
				CLANG_WARN_BLOCK_CAPTURE_AUTORELEASING = YES;
				CLANG_WARN_BOOL_CONVERSION = YES;
				CLANG_WARN_COMMA = YES;
				CLANG_WARN_CONSTANT_CONVERSION = YES;
				CLANG_WARN_DEPRECATED_OBJC_IMPLEMENTATIONS = YES;
				CLANG_WARN_DIRECT_OBJC_ISA_USAGE = YES_ERROR;
				CLANG_WARN_DOCUMENTATION_COMMENTS = YES;
				CLANG_WARN_EMPTY_BODY = YES;
				CLANG_WARN_ENUM_CONVERSION = YES;
				CLANG_WARN_INFINITE_RECURSION = YES;
				CLANG_WARN_INT_CONVERSION = YES;
				CLANG_WARN_NON_LITERAL_NULL_CONVERSION = YES;
				CLANG_WARN_OBJC_IMPLICIT_RETAIN_SELF = YES;
				CLANG_WARN_OBJC_LITERAL_CONVERSION = YES;
				CLANG_WARN_OBJC_ROOT_CLASS = YES_ERROR;
				CLANG_WARN_RANGE_LOOP_ANALYSIS = YES;
				CLANG_WARN_STRICT_PROTOTYPES = YES;
				CLANG_WARN_SUSPICIOUS_MOVE = YES;
				CLANG_WARN_UNGUARDED_AVAILABILITY = YES_AGGRESSIVE;
				CLANG_WARN_UNREACHABLE_CODE = YES;
				CLANG_WARN__DUPLICATE_METHOD_MATCH = YES;
				COPY_PHASE_STRIP = NO;
				DEBUG_INFORMATION_FORMAT = dwarf;
				ENABLE_STRICT_OBJC_MSGSEND = YES;
				ENABLE_TESTABILITY = YES;
				GCC_C_LANGUAGE_STANDARD = gnu11;
				GCC_DYNAMIC_NO_PIC = NO;
				GCC_NO_COMMON_BLOCKS = YES;
				GCC_OPTIMIZATION_LEVEL = 0;
				GCC_PREPROCESSOR_DEFINITIONS = (
					"DEBUG=1",
					"$(inherited)",
				);
				GCC_WARN_64_TO_32_BIT_CONVERSION = YES;
				GCC_WARN_ABOUT_RETURN_TYPE = YES_ERROR;
				GCC_WARN_UNDECLARED_SELECTOR = YES;
				GCC_WARN_UNINITIALIZED_AUTOS = YES_AGGRESSIVE;
				GCC_WARN_UNUSED_FUNCTION = YES;
				GCC_WARN_UNUSED_VARIABLE = YES;
				IPHONEOS_DEPLOYMENT_TARGET = 13.2;
				MTL_ENABLE_DEBUG_INFO = INCLUDE_SOURCE;
				MTL_FAST_MATH = YES;
				ONLY_ACTIVE_ARCH = YES;
				SDKROOT = iphoneos;
				SWIFT_ACTIVE_COMPILATION_CONDITIONS = DEBUG;
				SWIFT_OPTIMIZATION_LEVEL = "-Onone";
			};
			name = Debug;
		};
		8C3F211A24278DB6005EF484 /* Release */ = {
			isa = XCBuildConfiguration;
			buildSettings = {
				ALWAYS_SEARCH_USER_PATHS = NO;
				CLANG_ANALYZER_NONNULL = YES;
				CLANG_ANALYZER_NUMBER_OBJECT_CONVERSION = YES_AGGRESSIVE;
				CLANG_CXX_LANGUAGE_STANDARD = "gnu++14";
				CLANG_CXX_LIBRARY = "libc++";
				CLANG_ENABLE_MODULES = YES;
				CLANG_ENABLE_OBJC_ARC = YES;
				CLANG_ENABLE_OBJC_WEAK = YES;
				CLANG_WARN_BLOCK_CAPTURE_AUTORELEASING = YES;
				CLANG_WARN_BOOL_CONVERSION = YES;
				CLANG_WARN_COMMA = YES;
				CLANG_WARN_CONSTANT_CONVERSION = YES;
				CLANG_WARN_DEPRECATED_OBJC_IMPLEMENTATIONS = YES;
				CLANG_WARN_DIRECT_OBJC_ISA_USAGE = YES_ERROR;
				CLANG_WARN_DOCUMENTATION_COMMENTS = YES;
				CLANG_WARN_EMPTY_BODY = YES;
				CLANG_WARN_ENUM_CONVERSION = YES;
				CLANG_WARN_INFINITE_RECURSION = YES;
				CLANG_WARN_INT_CONVERSION = YES;
				CLANG_WARN_NON_LITERAL_NULL_CONVERSION = YES;
				CLANG_WARN_OBJC_IMPLICIT_RETAIN_SELF = YES;
				CLANG_WARN_OBJC_LITERAL_CONVERSION = YES;
				CLANG_WARN_OBJC_ROOT_CLASS = YES_ERROR;
				CLANG_WARN_RANGE_LOOP_ANALYSIS = YES;
				CLANG_WARN_STRICT_PROTOTYPES = YES;
				CLANG_WARN_SUSPICIOUS_MOVE = YES;
				CLANG_WARN_UNGUARDED_AVAILABILITY = YES_AGGRESSIVE;
				CLANG_WARN_UNREACHABLE_CODE = YES;
				CLANG_WARN__DUPLICATE_METHOD_MATCH = YES;
				COPY_PHASE_STRIP = NO;
				DEBUG_INFORMATION_FORMAT = "dwarf-with-dsym";
				ENABLE_NS_ASSERTIONS = NO;
				ENABLE_STRICT_OBJC_MSGSEND = YES;
				GCC_C_LANGUAGE_STANDARD = gnu11;
				GCC_NO_COMMON_BLOCKS = YES;
				GCC_WARN_64_TO_32_BIT_CONVERSION = YES;
				GCC_WARN_ABOUT_RETURN_TYPE = YES_ERROR;
				GCC_WARN_UNDECLARED_SELECTOR = YES;
				GCC_WARN_UNINITIALIZED_AUTOS = YES_AGGRESSIVE;
				GCC_WARN_UNUSED_FUNCTION = YES;
				GCC_WARN_UNUSED_VARIABLE = YES;
				IPHONEOS_DEPLOYMENT_TARGET = 13.2;
				MTL_ENABLE_DEBUG_INFO = NO;
				MTL_FAST_MATH = YES;
				SDKROOT = iphoneos;
				SWIFT_COMPILATION_MODE = wholemodule;
				SWIFT_OPTIMIZATION_LEVEL = "-O";
				VALIDATE_PRODUCT = YES;
			};
			name = Release;
		};
		8C3F211C24278DB6005EF484 /* Debug */ = {
			isa = XCBuildConfiguration;
			buildSettings = {
				ASSETCATALOG_COMPILER_APPICON_NAME = AppIcon;
				CODE_SIGN_STYLE = Automatic;
				INFOPLIST_FILE = "swift-register-sample/Info.plist";
				LD_RUNPATH_SEARCH_PATHS = (
					"$(inherited)",
					"@executable_path/Frameworks",
				);
				PRODUCT_BUNDLE_IDENTIFIER = "me.trajan.swift-register-sample";
				PRODUCT_NAME = "$(TARGET_NAME)";
				SWIFT_VERSION = 5.0;
				TARGETED_DEVICE_FAMILY = "1,2";
			};
			name = Debug;
		};
		8C3F211D24278DB6005EF484 /* Release */ = {
			isa = XCBuildConfiguration;
			buildSettings = {
				ASSETCATALOG_COMPILER_APPICON_NAME = AppIcon;
				CODE_SIGN_STYLE = Automatic;
				INFOPLIST_FILE = "swift-register-sample/Info.plist";
				LD_RUNPATH_SEARCH_PATHS = (
					"$(inherited)",
					"@executable_path/Frameworks",
				);
				PRODUCT_BUNDLE_IDENTIFIER = "me.trajan.swift-register-sample";
				PRODUCT_NAME = "$(TARGET_NAME)";
				SWIFT_VERSION = 5.0;
				TARGETED_DEVICE_FAMILY = "1,2";
			};
			name = Release;
		};
/* End XCBuildConfiguration section */

/* Begin XCConfigurationList section */
		8C3F210224278DB2005EF484 /* Build configuration list for PBXProject "swift-register-sample" */ = {
			isa = XCConfigurationList;
			buildConfigurations = (
				8C3F211924278DB6005EF484 /* Debug */,
				8C3F211A24278DB6005EF484 /* Release */,
			);
			defaultConfigurationIsVisible = 0;
			defaultConfigurationName = Release;
		};
		8C3F211B24278DB6005EF484 /* Build configuration list for PBXNativeTarget "swift-register-sample" */ = {
			isa = XCConfigurationList;
			buildConfigurations = (
				8C3F211C24278DB6005EF484 /* Debug */,
				8C3F211D24278DB6005EF484 /* Release */,
			);
			defaultConfigurationIsVisible = 0;
			defaultConfigurationName = Release;
		};
/* End XCConfigurationList section */
	};
	rootObject = 8C3F20FF24278DB2005EF484 /* Project object */;
}
